
Microsoft Visual Studio Solution File, Format Version 12.00
# Visual Studio Version 17
VisualStudioVersion = 17.10.35027.167
MinimumVisualStudioVersion = 10.0.40219.1
Project("{FAE04EC0-301F-11D3-BF4B-00C04F79EFBC}") = "EsqueletoDeApi.Model", "EsqueletoDeApi\EsqueletoDeApi.Model.csproj", "{AF7AA065-AED1-4177-9B35-D61FB84AE5D2}"
EndProject
Project("{FAE04EC0-301F-11D3-BF4B-00C04F79EFBC}") = "EsqueletoDeApi.DTO", "EsqueletoDeApi.DTO\EsqueletoDeApi.DTO.csproj", "{C913DFF3-0283-4D34-ACDF-CC014CBF05C3}"
EndProject
Project("{FAE04EC0-301F-11D3-BF4B-00C04F79EFBC}") = "EsqueletoDeApi.RepositorioBD", "EsqueletoDeApi.RepositorioBD\EsqueletoDeApi.RepositorioBD.csproj", "{896AAD4B-3188-490F-9729-0C4565F47F50}"
EndProject
Project("{FAE04EC0-301F-11D3-BF4B-00C04F79EFBC}") = "EsqueletoDeApi.Servicio", "EsqueletoDeApi.Servicio\EsqueletoDeApi.Servicio.csproj", "{02E175FB-8FD8-40D2-869B-D77C262C9769}"
EndProject
Project("{FAE04EC0-301F-11D3-BF4B-00C04F79EFBC}") = "EsqueletoDeApi.Utilidades", "EsqueletoDeApi.Utilidades\EsqueletoDeApi.Utilidades.csproj", "{DEE4D41F-4EFF-444E-A429-3581CD76456A}"
EndProject
Project("{FAE04EC0-301F-11D3-BF4B-00C04F79EFBC}") = "EsqueletoDeApi.Api", "ApiEsqueleto\EsqueletoDeApi.Api.csproj", "{D8050B05-19CF-4F04-A563-1E96A5EE2074}"
EndProject
Global
	GlobalSection(SolutionConfigurationPlatforms) = preSolution
		Debug|Any CPU = Debug|Any CPU
		Release|Any CPU = Release|Any CPU
	EndGlobalSection
	GlobalSection(ProjectConfigurationPlatforms) = postSolution
		{AF7AA065-AED1-4177-9B35-D61FB84AE5D2}.Debug|Any CPU.ActiveCfg = Debug|Any CPU
		{AF7AA065-AED1-4177-9B35-D61FB84AE5D2}.Debug|Any CPU.Build.0 = Debug|Any CPU
		{AF7AA065-AED1-4177-9B35-D61FB84AE5D2}.Release|Any CPU.ActiveCfg = Release|Any CPU
		{AF7AA065-AED1-4177-9B35-D61FB84AE5D2}.Release|Any CPU.Build.0 = Release|Any CPU
		{C913DFF3-0283-4D34-ACDF-CC014CBF05C3}.Debug|Any CPU.ActiveCfg = Debug|Any CPU
		{C913DFF3-0283-4D34-ACDF-CC014CBF05C3}.Debug|Any CPU.Build.0 = Debug|Any CPU
		{C913DFF3-0283-4D34-ACDF-CC014CBF05C3}.Release|Any CPU.ActiveCfg = Release|Any CPU
		{C913DFF3-0283-4D34-ACDF-CC014CBF05C3}.Release|Any CPU.Build.0 = Release|Any CPU
		{896AAD4B-3188-490F-9729-0C4565F47F50}.Debug|Any CPU.ActiveCfg = Debug|Any CPU
		{896AAD4B-3188-490F-9729-0C4565F47F50}.Debug|Any CPU.Build.0 = Debug|Any CPU
		{896AAD4B-3188-490F-9729-0C4565F47F50}.Release|Any CPU.ActiveCfg = Release|Any CPU
		{896AAD4B-3188-490F-9729-0C4565F47F50}.Release|Any CPU.Build.0 = Release|Any CPU
		{02E175FB-8FD8-40D2-869B-D77C262C9769}.Debug|Any CPU.ActiveCfg = Debug|Any CPU
		{02E175FB-8FD8-40D2-869B-D77C262C9769}.Debug|Any CPU.Build.0 = Debug|Any CPU
		{02E175FB-8FD8-40D2-869B-D77C262C9769}.Release|Any CPU.ActiveCfg = Release|Any CPU
		{02E175FB-8FD8-40D2-869B-D77C262C9769}.Release|Any CPU.Build.0 = Release|Any CPU
		{DEE4D41F-4EFF-444E-A429-3581CD76456A}.Debug|Any CPU.ActiveCfg = Debug|Any CPU
		{DEE4D41F-4EFF-444E-A429-3581CD76456A}.Debug|Any CPU.Build.0 = Debug|Any CPU
		{DEE4D41F-4EFF-444E-A429-3581CD76456A}.Release|Any CPU.ActiveCfg = Release|Any CPU
		{DEE4D41F-4EFF-444E-A429-3581CD76456A}.Release|Any CPU.Build.0 = Release|Any CPU
		{D8050B05-19CF-4F04-A563-1E96A5EE2074}.Debug|Any CPU.ActiveCfg = Debug|Any CPU
		{D8050B05-19CF-4F04-A563-1E96A5EE2074}.Debug|Any CPU.Build.0 = Debug|Any CPU
		{D8050B05-19CF-4F04-A563-1E96A5EE2074}.Release|Any CPU.ActiveCfg = Release|Any CPU
		{D8050B05-19CF-4F04-A563-1E96A5EE2074}.Release|Any CPU.Build.0 = Release|Any CPU
	EndGlobalSection
	GlobalSection(SolutionProperties) = preSolution
		HideSolutionNode = FALSE
	EndGlobalSection
	GlobalSection(ExtensibilityGlobals) = postSolution
		SolutionGuid = {754D3C9D-495A-4D8B-B8C1-DAAB3985EE2D}
	EndGlobalSection
EndGlobal
